{
    "_readme": [
        "This file locks the dependencies of your project to a known state",
        "Read more about it at https://getcomposer.org/doc/01-basic-usage.md#installing-dependencies",
        "This file is @generated automatically"
    ],
    "content-hash": "2d2b694feb23dcc9dcec928f9c868d3c",
    "packages": [
        {
            "name": "chillerlan/php-qrcode",
            "version": "5.0.2",
            "source": {
                "type": "git",
                "url": "https://github.com/chillerlan/php-qrcode.git",
                "reference": "da5bdb82c8755f54de112b271b402aaa8df53269"
            },
            "dist": {
                "type": "zip",
                "url": "https://api.github.com/repos/chillerlan/php-qrcode/zipball/da5bdb82c8755f54de112b271b402aaa8df53269",
                "reference": "da5bdb82c8755f54de112b271b402aaa8df53269",
                "shasum": ""
            },
            "require": {
                "chillerlan/php-settings-container": "^2.1.4 || ^3.1",
                "ext-mbstring": "*",
                "php": "^7.4 || ^8.0"
            },
            "require-dev": {
                "chillerlan/php-authenticator": "^4.1 || ^5.1",
                "phan/phan": "^5.4",
                "phpmd/phpmd": "^2.15",
                "phpunit/phpunit": "^9.6",
                "setasign/fpdf": "^1.8.2",
                "squizlabs/php_codesniffer": "^3.8"
            },
            "suggest": {
                "chillerlan/php-authenticator": "Yet another Google authenticator! Also creates URIs for mobile apps.",
                "setasign/fpdf": "Required to use the QR FPDF output.",
                "simple-icons/simple-icons": "SVG icons that you can use to embed as logos in the QR Code"
            },
            "type": "library",
            "autoload": {
                "psr-4": {
                    "chillerlan\\QRCode\\": "src/"
                }
            },
            "notification-url": "https://packagist.org/downloads/",
            "license": [
                "MIT",
                "Apache-2.0"
            ],
            "authors": [
                {
                    "name": "Kazuhiko Arase",
                    "homepage": "https://github.com/kazuhikoarase/qrcode-generator"
                },
                {
                    "name": "ZXing Authors",
                    "homepage": "https://github.com/zxing/zxing"
                },
                {
                    "name": "Ashot Khanamiryan",
                    "homepage": "https://github.com/khanamiryan/php-qrcode-detector-decoder"
                },
                {
                    "name": "Smiley",
                    "email": "smiley@chillerlan.net",
                    "homepage": "https://github.com/codemasher"
                },
                {
                    "name": "Contributors",
                    "homepage": "https://github.com/chillerlan/php-qrcode/graphs/contributors"
                }
            ],
            "description": "A QR code generator and reader with a user friendly API. PHP 7.4+",
            "homepage": "https://github.com/chillerlan/php-qrcode",
            "keywords": [
                "phpqrcode",
                "qr",
                "qr code",
                "qr-reader",
                "qrcode",
                "qrcode-generator",
                "qrcode-reader"
            ],
            "support": {
                "docs": "https://php-qrcode.readthedocs.io",
                "issues": "https://github.com/chillerlan/php-qrcode/issues",
                "source": "https://github.com/chillerlan/php-qrcode"
            },
            "funding": [
                {
                    "url": "https://www.paypal.com/donate?hosted_button_id=WLYUNAT9ZTJZ4",
                    "type": "custom"
                },
                {
                    "url": "https://ko-fi.com/codemasher",
                    "type": "ko_fi"
                }
            ],
            "time": "2024-02-27T14:37:26+00:00"
        },
        {
            "name": "chillerlan/php-settings-container",
            "version": "3.2.0",
            "source": {
                "type": "git",
                "url": "https://github.com/chillerlan/php-settings-container.git",
                "reference": "8f93648fac8e6bacac8e00a8d325eba4950295e6"
            },
            "dist": {
                "type": "zip",
                "url": "https://api.github.com/repos/chillerlan/php-settings-container/zipball/8f93648fac8e6bacac8e00a8d325eba4950295e6",
                "reference": "8f93648fac8e6bacac8e00a8d325eba4950295e6",
                "shasum": ""
            },
            "require": {
                "ext-json": "*",
                "php": "^8.1"
            },
            "require-dev": {
                "phan/phan": "^5.4",
                "phpmd/phpmd": "^2.15",
                "phpunit/phpunit": "^10.5",
                "squizlabs/php_codesniffer": "^3.9"
            },
            "type": "library",
            "autoload": {
                "psr-4": {
                    "chillerlan\\Settings\\": "src/"
                }
            },
            "notification-url": "https://packagist.org/downloads/",
            "license": [
                "MIT"
            ],
            "authors": [
                {
                    "name": "Smiley",
                    "email": "smiley@chillerlan.net",
                    "homepage": "https://github.com/codemasher"
                }
            ],
            "description": "A container class for immutable settings objects. Not a DI container.",
            "homepage": "https://github.com/chillerlan/php-settings-container",
            "keywords": [
                "Settings",
                "configuration",
                "container",
                "helper"
            ],
            "support": {
                "issues": "https://github.com/chillerlan/php-settings-container/issues",
                "source": "https://github.com/chillerlan/php-settings-container"
            },
            "funding": [
                {
                    "url": "https://www.paypal.com/donate?hosted_button_id=WLYUNAT9ZTJZ4",
                    "type": "custom"
                },
                {
                    "url": "https://ko-fi.com/codemasher",
                    "type": "ko_fi"
                }
            ],
            "time": "2024-03-02T20:07:15+00:00"
        },
        {
            "name": "monolog/monolog",
            "version": "2.9.3",
            "source": {
                "type": "git",
                "url": "https://github.com/Seldaek/monolog.git",
                "reference": "a30bfe2e142720dfa990d0a7e573997f5d884215"
            },
            "dist": {
                "type": "zip",
                "url": "https://api.github.com/repos/Seldaek/monolog/zipball/a30bfe2e142720dfa990d0a7e573997f5d884215",
                "reference": "a30bfe2e142720dfa990d0a7e573997f5d884215",
                "shasum": ""
            },
            "require": {
                "php": ">=7.2",
                "psr/log": "^1.0.1 || ^2.0 || ^3.0"
            },
            "provide": {
                "psr/log-implementation": "1.0.0 || 2.0.0 || 3.0.0"
            },
            "require-dev": {
                "aws/aws-sdk-php": "^2.4.9 || ^3.0",
                "doctrine/couchdb": "~1.0@dev",
                "elasticsearch/elasticsearch": "^7 || ^8",
                "ext-json": "*",
                "graylog2/gelf-php": "^1.4.2 || ^2@dev",
                "guzzlehttp/guzzle": "^7.4",
                "guzzlehttp/psr7": "^2.2",
                "mongodb/mongodb": "^1.8",
                "php-amqplib/php-amqplib": "~2.4 || ^3",
                "phpspec/prophecy": "^1.15",
                "phpstan/phpstan": "^1.10",
                "phpunit/phpunit": "^8.5.38 || ^9.6.19",
                "predis/predis": "^1.1 || ^2.0",
                "rollbar/rollbar": "^1.3 || ^2 || ^3",
                "ruflin/elastica": "^7",
                "swiftmailer/swiftmailer": "^5.3|^6.0",
                "symfony/mailer": "^5.4 || ^6",
                "symfony/mime": "^5.4 || ^6"
            },
            "suggest": {
                "aws/aws-sdk-php": "Allow sending log messages to AWS services like DynamoDB",
                "doctrine/couchdb": "Allow sending log messages to a CouchDB server",
                "elasticsearch/elasticsearch": "Allow sending log messages to an Elasticsearch server via official client",
                "ext-amqp": "Allow sending log messages to an AMQP server (1.0+ required)",
                "ext-curl": "Required to send log messages using the IFTTTHandler, the LogglyHandler, the SendGridHandler, the SlackWebhookHandler or the TelegramBotHandler",
                "ext-mbstring": "Allow to work properly with unicode symbols",
                "ext-mongodb": "Allow sending log messages to a MongoDB server (via driver)",
                "ext-openssl": "Required to send log messages using SSL",
                "ext-sockets": "Allow sending log messages to a Syslog server (via UDP driver)",
                "graylog2/gelf-php": "Allow sending log messages to a GrayLog2 server",
                "mongodb/mongodb": "Allow sending log messages to a MongoDB server (via library)",
                "php-amqplib/php-amqplib": "Allow sending log messages to an AMQP server using php-amqplib",
                "rollbar/rollbar": "Allow sending log messages to Rollbar",
                "ruflin/elastica": "Allow sending log messages to an Elastic Search server"
            },
            "type": "library",
            "extra": {
                "branch-alias": {
                    "dev-main": "2.x-dev"
                }
            },
            "autoload": {
                "psr-4": {
                    "Monolog\\": "src/Monolog"
                }
            },
            "notification-url": "https://packagist.org/downloads/",
            "license": [
                "MIT"
            ],
            "authors": [
                {
                    "name": "Jordi Boggiano",
                    "email": "j.boggiano@seld.be",
                    "homepage": "https://seld.be"
                }
            ],
            "description": "Sends your logs to files, sockets, inboxes, databases and various web services",
            "homepage": "https://github.com/Seldaek/monolog",
            "keywords": [
                "log",
                "logging",
                "psr-3"
            ],
            "support": {
                "issues": "https://github.com/Seldaek/monolog/issues",
                "source": "https://github.com/Seldaek/monolog/tree/2.9.3"
            },
            "funding": [
                {
                    "url": "https://github.com/Seldaek",
                    "type": "github"
                },
                {
                    "url": "https://tidelift.com/funding/github/packagist/monolog/monolog",
                    "type": "tidelift"
                }
            ],
            "time": "2024-04-12T20:52:51+00:00"
        },
        {
            "name": "piggly/php-pix",
            "version": "3.0.0",
            "source": {
                "type": "git",
                "url": "https://github.com/piggly-dev/php-pix.git",
                "reference": "7f3012c404161ba27576276ad15ffd77cf0ecb56"
            },
            "dist": {
                "type": "zip",
                "url": "https://api.github.com/repos/piggly-dev/php-pix/zipball/7f3012c404161ba27576276ad15ffd77cf0ecb56",
                "reference": "7f3012c404161ba27576276ad15ffd77cf0ecb56",
                "shasum": ""
            },
            "require": {
                "chillerlan/php-qrcode": "^5.0",
                "ext-gd": "*",
                "ext-mbstring": "*",
                "php": "^8.0"
            },
            "require-dev": {
                "fakerphp/faker": "^1.23",
                "php": "^8.0",
                "phpunit/phpunit": "^11.1"
            },
            "type": "library",
            "autoload": {
                "psr-4": {
                    "Piggly\\Pix\\": "src"
                }
            },
            "notification-url": "https://packagist.org/downloads/",
            "license": [
                "MIT"
            ],
            "authors": [
                {
                    "name": "Caique Araujo",
                    "email": "caique@studiopiggly.com.br",
                    "homepage": "https://github.com/caiquearaujo",
                    "role": "Developer"
                }
            ],
            "description": "Uma biblioteca para preparar e gerar o código Pix do Banco Central do Brasil.",
            "homepage": "https://github.com/piggly-dev/php-pix",
            "keywords": [
                "bcb",
                "emv",
                "payment",
                "piggly",
                "pix",
                "qrcode"
            ],
            "support": {
                "issues": "https://github.com/piggly-dev/php-pix/issues",
                "source": "https://github.com/piggly-dev/php-pix/tree/3.0.0"
            },
            "time": "2024-05-19T15:12:39+00:00"
        },
        {
            "name": "piggly/wordpress-starter-kit",
            "version": "1.1.2",
            "source": {
                "type": "git",
                "url": "https://github.com/piggly-dev/wordpress-starter-kit.git",
                "reference": "78dc46de6f938c0aa35ce961e231ecf828fd5eec"
            },
            "dist": {
                "type": "zip",
                "url": "https://api.github.com/repos/piggly-dev/wordpress-starter-kit/zipball/78dc46de6f938c0aa35ce961e231ecf828fd5eec",
                "reference": "78dc46de6f938c0aa35ce961e231ecf828fd5eec",
                "shasum": ""
            },
            "require": {
                "php": "^7.2 || ^8.0",
                "psr/log": "^1.1"
            },
            "require-dev": {
                "php": "^7.3 || ^8.0",
                "phpunit/phpunit": "^9.5"
            },
            "type": "library",
            "autoload": {
                "psr-4": {
                    "Piggly\\Wordpress\\": "src"
                }
            },
            "notification-url": "https://packagist.org/downloads/",
            "license": [
                "MIT"
            ],
            "authors": [
                {
                    "name": "Caique Araujo",
                    "email": "caique@piggly.com.br",
                    "homepage": "https://github.com/caiquearaujo",
                    "role": "Developer"
                },
                {
                    "name": "Piggly Lab",
                    "email": "dev@piggly.com.br",
                    "homepage": "https://github.com/piggly-dev",
                    "role": "Developer"
                }
            ],
            "description": "A smart Wordpress Starter Kit to plugins development.",
            "homepage": "https://github.com/piggly-dev/wordpress-starter-kit",
            "keywords": [
                "plugins",
                "plugins development",
                "wordpress",
                "wordpress development"
            ],
            "support": {
                "issues": "https://github.com/piggly-dev/wordpress-starter-kit/issues",
                "source": "https://github.com/piggly-dev/wordpress-starter-kit/tree/1.1.2"
            },
            "time": "2022-11-19T17:56:27+00:00"
        },
        {
            "name": "psr/log",
            "version": "1.1.4",
            "source": {
                "type": "git",
                "url": "https://github.com/php-fig/log.git",
                "reference": "d49695b909c3b7628b6289db5479a1c204601f11"
            },
            "dist": {
                "type": "zip",
                "url": "https://api.github.com/repos/php-fig/log/zipball/d49695b909c3b7628b6289db5479a1c204601f11",
                "reference": "d49695b909c3b7628b6289db5479a1c204601f11",
                "shasum": ""
            },
            "require": {
                "php": ">=5.3.0"
            },
            "type": "library",
            "extra": {
                "branch-alias": {
                    "dev-master": "1.1.x-dev"
                }
            },
            "autoload": {
                "psr-4": {
                    "Psr\\Log\\": "Psr/Log/"
                }
            },
            "notification-url": "https://packagist.org/downloads/",
            "license": [
                "MIT"
            ],
            "authors": [
                {
                    "name": "PHP-FIG",
                    "homepage": "https://www.php-fig.org/"
                }
            ],
            "description": "Common interface for logging libraries",
            "homepage": "https://github.com/php-fig/log",
            "keywords": [
                "log",
                "psr",
                "psr-3"
            ],
            "support": {
                "source": "https://github.com/php-fig/log/tree/1.1.4"
            },
            "time": "2021-05-03T11:20:27+00:00"
        }
    ],
    "packages-dev": [],
    "aliases": [],
    "minimum-stability": "stable",
    "stability-flags": [],
    "prefer-stable": true,
    "prefer-lowest": false,
    "platform": {
        "php": ">=8.0"
    },
    "platform-dev": [],
    "plugin-api-version": "2.6.0"
}
